
Microsoft Visual Studio Solution File, Format Version 12.00
# Visual Studio Version 16
VisualStudioVersion = 16.0.30309.148
MinimumVisualStudioVersion = 10.0.40219.1
Project("{FAE04EC0-301F-11D3-BF4B-00C04F79EFBC}") = "ExamASP", "ExamASP\ExamASP.csproj", "{00250FC1-07DA-4AC8-A39B-BA015ACE75AD}"
EndProject
Global
	GlobalSection(SolutionConfigurationPlatforms) = preSolution
		Debug|Any CPU = Debug|Any CPU
		Release|Any CPU = Release|Any CPU
	EndGlobalSection
	GlobalSection(ProjectConfigurationPlatforms) = postSolution
		{00250FC1-07DA-4AC8-A39B-BA015ACE75AD}.Debug|Any CPU.ActiveCfg = Debug|Any CPU
		{00250FC1-07DA-4AC8-A39B-BA015ACE75AD}.Debug|Any CPU.Build.0 = Debug|Any CPU
		{00250FC1-07DA-4AC8-A39B-BA015ACE75AD}.Release|Any CPU.ActiveCfg = Release|Any CPU
		{00250FC1-07DA-4AC8-A39B-BA015ACE75AD}.Release|Any CPU.Build.0 = Release|Any CPU
	EndGlobalSection
	GlobalSection(SolutionProperties) = preSolution
		HideSolutionNode = FALSE
	EndGlobalSection
	GlobalSection(ExtensibilityGlobals) = postSolution
		SolutionGuid = {15E3C776-B6CF-482E-A78A-6AACAC7A0D78}
	EndGlobalSection
EndGlobal
